
Microsoft Visual Studio Solution File, Format Version 12.00
# Visual Studio Version 16
VisualStudioVersion = 16.0.30907.101
MinimumVisualStudioVersion = 10.0.40219.1
Project("{FAE04EC0-301F-11D3-BF4B-00C04F79EFBC}") = "RRCAGTracySalak", "RRCAGTracySalak\RRCAGTracySalak.csproj", "{3E5F5E33-1BA8-4224-B488-BDA95D02E8AF}"
EndProject
Global
	GlobalSection(SolutionConfigurationPlatforms) = preSolution
		Debug|Any CPU = Debug|Any CPU
		Release|Any CPU = Release|Any CPU
	EndGlobalSection
	GlobalSection(ProjectConfigurationPlatforms) = postSolution
		{3E5F5E33-1BA8-4224-B488-BDA95D02E8AF}.Debug|Any CPU.ActiveCfg = Debug|Any CPU
		{3E5F5E33-1BA8-4224-B488-BDA95D02E8AF}.Debug|Any CPU.Build.0 = Debug|Any CPU
		{3E5F5E33-1BA8-4224-B488-BDA95D02E8AF}.Release|Any CPU.ActiveCfg = Release|Any CPU
		{3E5F5E33-1BA8-4224-B488-BDA95D02E8AF}.Release|Any CPU.Build.0 = Release|Any CPU
	EndGlobalSection
	GlobalSection(SolutionProperties) = preSolution
		HideSolutionNode = FALSE
	EndGlobalSection
	GlobalSection(ExtensibilityGlobals) = postSolution
		SolutionGuid = {8723A5FD-374D-4FED-B172-D92BBF631C19}
	EndGlobalSection
EndGlobal
